{
  "version": 1,
  "dependencies": {
    ".NETnanoFramework,Version=v1.0": {
      "nanoFramework.CoreLibrary": {
        "type": "Direct",
        "requested": "[2.0.0-preview.29, 2.0.0-preview.29]",
        "resolved": "2.0.0-preview.29",
        "contentHash": "7NDp9Sda9FTFBDN//X34r23rJBHUkCvyGvrFh9s5B8H2nMoet4J0OlEOiZRUsEPBXlsNpZFVp+Cd6OSjnLSg5A=="
      },
      "nanoFramework.Runtime.Events": {
        "type": "Direct",
        "requested": "[2.0.0-preview.5, 2.0.0-preview.5]",
        "resolved": "2.0.0-preview.5",
        "contentHash": "NmmnwN/vEYEC94nL9nNqh0C5/BrLF60DzIzRsnGNACkpSJ+JSQYPsz3wgti1r7OhvgEprTjPeO3Fc7XGw/2Y8w=="
      },
      "Nerdbank.GitVersioning": {
        "type": "Direct",
        "requested": "[3.9.50, 3.9.50]",
        "resolved": "3.9.50",
        "contentHash": "HtOgGF6jZ+WYbXnCUCYPT8Y2d6mIJo9ozjK/FINTRsXdm4Zgv9GehUMa7EFoGQkqrMcDJNOIDwCmENnvXg4UbA=="
      }
    }
  }
}